
Microsoft Visual Studio Solution File, Format Version 12.00
# Visual Studio Version 17
VisualStudioVersion = 17.2.32519.379
MinimumVisualStudioVersion = 10.0.40219.1
Project("{FAE04EC0-301F-11D3-BF4B-00C04F79EFBC}") = "NfeToPdf", "NfeToPdf.csproj", "{A7AD56CB-9EF3-495F-B0A6-49CA3A54AA63}"
EndProject
Global
	GlobalSection(SolutionConfigurationPlatforms) = preSolution
		Debug|Any CPU = Debug|Any CPU
		Release|Any CPU = Release|Any CPU
	EndGlobalSection
	GlobalSection(ProjectConfigurationPlatforms) = postSolution
		{A7AD56CB-9EF3-495F-B0A6-49CA3A54AA63}.Debug|Any CPU.ActiveCfg = Debug|Any CPU
		{A7AD56CB-9EF3-495F-B0A6-49CA3A54AA63}.Debug|Any CPU.Build.0 = Debug|Any CPU
		{A7AD56CB-9EF3-495F-B0A6-49CA3A54AA63}.Release|Any CPU.ActiveCfg = Release|Any CPU
		{A7AD56CB-9EF3-495F-B0A6-49CA3A54AA63}.Release|Any CPU.Build.0 = Release|Any CPU
	EndGlobalSection
	GlobalSection(SolutionProperties) = preSolution
		HideSolutionNode = FALSE
	EndGlobalSection
	GlobalSection(ExtensibilityGlobals) = postSolution
		SolutionGuid = {8513F41A-8C56-4E52-B810-D2B26744096D}
	EndGlobalSection
EndGlobal
